
Microsoft Visual Studio Solution File, Format Version 12.00
# Visual Studio Version 16
VisualStudioVersion = 25.0.1705.1
MinimumVisualStudioVersion = 10.0.40219.1
Project("{FAE04EC0-301F-11D3-BF4B-00C04F79EFBC}") = "SICO_Estudiantes_back", "SICO_Estudiantes_back\SICO_Estudiantes_back.csproj", "{7B0D4C1D-55B1-4B73-8447-6462D4737A27}"
EndProject
Global
	GlobalSection(SolutionConfigurationPlatforms) = preSolution
		Debug|Any CPU = Debug|Any CPU
		Release|Any CPU = Release|Any CPU
	EndGlobalSection
	GlobalSection(ProjectConfigurationPlatforms) = postSolution
		{7B0D4C1D-55B1-4B73-8447-6462D4737A27}.Debug|Any CPU.ActiveCfg = Debug|Any CPU
		{7B0D4C1D-55B1-4B73-8447-6462D4737A27}.Debug|Any CPU.Build.0 = Debug|Any CPU
		{7B0D4C1D-55B1-4B73-8447-6462D4737A27}.Release|Any CPU.ActiveCfg = Release|Any CPU
		{7B0D4C1D-55B1-4B73-8447-6462D4737A27}.Release|Any CPU.Build.0 = Release|Any CPU
	EndGlobalSection
	GlobalSection(SolutionProperties) = preSolution
		HideSolutionNode = FALSE
	EndGlobalSection
	GlobalSection(ExtensibilityGlobals) = postSolution
		SolutionGuid = {14B940C0-0406-4CEE-BD4A-79DCFD5A63F8}
	EndGlobalSection
EndGlobal
